
Microsoft Visual Studio Solution File, Format Version 12.00
# Visual Studio 15
VisualStudioVersion = 15.0.26014.0
MinimumVisualStudioVersion = 10.0.40219.1
Project("{9A19103F-16F7-4668-BE54-9A1E7A4F7556}") = "MultiTargetTheWorld", "MultiTargetTheWorld\MultiTargetTheWorld.csproj", "{C8A00646-CB5F-4054-B1C8-FC99688206FA}"
EndProject
Global
	GlobalSection(SolutionConfigurationPlatforms) = preSolution
		Debug|Any CPU = Debug|Any CPU
		Debug|x64 = Debug|x64
		Debug|x86 = Debug|x86
		Release|Any CPU = Release|Any CPU
		Release|x64 = Release|x64
		Release|x86 = Release|x86
	EndGlobalSection
	GlobalSection(ProjectConfigurationPlatforms) = postSolution
		{C8A00646-CB5F-4054-B1C8-FC99688206FA}.Debug|Any CPU.ActiveCfg = Debug|Any CPU
		{C8A00646-CB5F-4054-B1C8-FC99688206FA}.Debug|Any CPU.Build.0 = Debug|Any CPU
		{C8A00646-CB5F-4054-B1C8-FC99688206FA}.Debug|x64.ActiveCfg = Debug|Any CPU
		{C8A00646-CB5F-4054-B1C8-FC99688206FA}.Debug|x64.Build.0 = Debug|Any CPU
		{C8A00646-CB5F-4054-B1C8-FC99688206FA}.Debug|x86.ActiveCfg = Debug|Any CPU
		{C8A00646-CB5F-4054-B1C8-FC99688206FA}.Debug|x86.Build.0 = Debug|Any CPU
		{C8A00646-CB5F-4054-B1C8-FC99688206FA}.Release|Any CPU.ActiveCfg = Release|Any CPU
		{C8A00646-CB5F-4054-B1C8-FC99688206FA}.Release|Any CPU.Build.0 = Release|Any CPU
		{C8A00646-CB5F-4054-B1C8-FC99688206FA}.Release|x64.ActiveCfg = Release|Any CPU
		{C8A00646-CB5F-4054-B1C8-FC99688206FA}.Release|x64.Build.0 = Release|Any CPU
		{C8A00646-CB5F-4054-B1C8-FC99688206FA}.Release|x86.ActiveCfg = Release|Any CPU
		{C8A00646-CB5F-4054-B1C8-FC99688206FA}.Release|x86.Build.0 = Release|Any CPU
	EndGlobalSection
	GlobalSection(SolutionProperties) = preSolution
		HideSolutionNode = FALSE
	EndGlobalSection
	GlobalSection(ExtensibilityGlobals) = postSolution
		SolutionGuid = {12B580CA-EA98-4C73-8BE5-370CAE12052D}
	EndGlobalSection
EndGlobal
